uuid: 877fbe76-3ba6-40aa-8bee-89409d1be9b6
langcode: en
status: true
dependencies:
  config:
    - field.storage.paragraph.field_block
    - paragraphs.paragraphs_type.block_content
  module:
    - block_field
id: paragraph.block_content.field_block
field_name: field_block
entity_type: paragraph
bundle: block_content
label: Block
description: ''
required: false
translatable: false
default_value: {  }
default_value_callback: ''
settings:
  selection: blocks
  selection_settings:
    plugin_ids:
      information_complex_block: information_complex_block
      overview_lead_pain_alliance_block: overview_lead_pain_alliance_block
      'block_content:dee13248-13fe-4e8e-839d-9a48f1a31311': 'block_content:dee13248-13fe-4e8e-839d-9a48f1a31311'
field_type: block_field
